
Microsoft Visual Studio Solution File, Format Version 12.00
# Visual Studio Version 16
VisualStudioVersion = 16.0.31613.86
MinimumVisualStudioVersion = 10.0.40219.1
Project("{FAE04EC0-301F-11D3-BF4B-00C04F79EFBC}") = "OdeToStudy.Web", "OdeToStudy\OdeToStudy.Web.csproj", "{F3C35250-421E-49F9-85A8-44E399F826C4}"
EndProject
Project("{FAE04EC0-301F-11D3-BF4B-00C04F79EFBC}") = "OdeToStudy.Data", "OdeToStudy.Data\OdeToStudy.Data.csproj", "{C9AA13F7-6F98-4D97-B83A-EE81B25DCECC}"
EndProject
Global
	GlobalSection(SolutionConfigurationPlatforms) = preSolution
		Debug|Any CPU = Debug|Any CPU
		Release|Any CPU = Release|Any CPU
	EndGlobalSection
	GlobalSection(ProjectConfigurationPlatforms) = postSolution
		{F3C35250-421E-49F9-85A8-44E399F826C4}.Debug|Any CPU.ActiveCfg = Debug|Any CPU
		{F3C35250-421E-49F9-85A8-44E399F826C4}.Debug|Any CPU.Build.0 = Debug|Any CPU
		{F3C35250-421E-49F9-85A8-44E399F826C4}.Release|Any CPU.ActiveCfg = Release|Any CPU
		{F3C35250-421E-49F9-85A8-44E399F826C4}.Release|Any CPU.Build.0 = Release|Any CPU
		{C9AA13F7-6F98-4D97-B83A-EE81B25DCECC}.Debug|Any CPU.ActiveCfg = Debug|Any CPU
		{C9AA13F7-6F98-4D97-B83A-EE81B25DCECC}.Debug|Any CPU.Build.0 = Debug|Any CPU
		{C9AA13F7-6F98-4D97-B83A-EE81B25DCECC}.Release|Any CPU.ActiveCfg = Release|Any CPU
		{C9AA13F7-6F98-4D97-B83A-EE81B25DCECC}.Release|Any CPU.Build.0 = Release|Any CPU
	EndGlobalSection
	GlobalSection(SolutionProperties) = preSolution
		HideSolutionNode = FALSE
	EndGlobalSection
	GlobalSection(ExtensibilityGlobals) = postSolution
		SolutionGuid = {BE79E75B-FE6F-4E3D-8DD2-ED96E0384736}
	EndGlobalSection
EndGlobal
